
Microsoft Visual Studio Solution File, Format Version 12.00
# Visual Studio Version 18
VisualStudioVersion = 18.4.11626.88
MinimumVisualStudioVersion = 10.0.40219.1
Project("{FAE04EC0-301F-11D3-BF4B-00C04F79EFBC}") = "Contatos.Api", "Contatos.Api\Contatos.Api.csproj", "{110E2168-A0C0-4E24-BDE3-D01BF7E5A424}"
EndProject
Project("{2150E333-8FDC-42A3-9474-1A3956D46DE8}") = "Itens de Solução", "Itens de Solução", "{6D54AAF6-3F58-43A0-A7FD-9D0AE3DFA5E8}"
	ProjectSection(SolutionItems) = preProject
		docker-compose.yml = docker-compose.yml
	EndProjectSection
EndProject
Project("{FAE04EC0-301F-11D3-BF4B-00C04F79EFBC}") = "Contatos.Infra.Data", "Contatos.Infra.Data\Contatos.Infra.Data.csproj", "{CE03F955-E39D-4043-B285-F5F595339119}"
EndProject
Project("{FAE04EC0-301F-11D3-BF4B-00C04F79EFBC}") = "Contatos.Domain", "Contatos.Domain\Contatos.Domain.csproj", "{D77C7D7C-BD38-4449-999B-53EDFD82388A}"
EndProject
Project("{FAE04EC0-301F-11D3-BF4B-00C04F79EFBC}") = "Contatos.Tests", "Contatos.Tests\Contatos.Tests.csproj", "{DB52DFB3-95AE-4D0C-ACC9-F13C2A503E5F}"
EndProject
Global
	GlobalSection(SolutionConfigurationPlatforms) = preSolution
		Debug|Any CPU = Debug|Any CPU
		Release|Any CPU = Release|Any CPU
	EndGlobalSection
	GlobalSection(ProjectConfigurationPlatforms) = postSolution
		{110E2168-A0C0-4E24-BDE3-D01BF7E5A424}.Debug|Any CPU.ActiveCfg = Debug|Any CPU
		{110E2168-A0C0-4E24-BDE3-D01BF7E5A424}.Debug|Any CPU.Build.0 = Debug|Any CPU
		{110E2168-A0C0-4E24-BDE3-D01BF7E5A424}.Release|Any CPU.ActiveCfg = Release|Any CPU
		{110E2168-A0C0-4E24-BDE3-D01BF7E5A424}.Release|Any CPU.Build.0 = Release|Any CPU
		{CE03F955-E39D-4043-B285-F5F595339119}.Debug|Any CPU.ActiveCfg = Debug|Any CPU
		{CE03F955-E39D-4043-B285-F5F595339119}.Debug|Any CPU.Build.0 = Debug|Any CPU
		{CE03F955-E39D-4043-B285-F5F595339119}.Release|Any CPU.ActiveCfg = Release|Any CPU
		{CE03F955-E39D-4043-B285-F5F595339119}.Release|Any CPU.Build.0 = Release|Any CPU
		{D77C7D7C-BD38-4449-999B-53EDFD82388A}.Debug|Any CPU.ActiveCfg = Debug|Any CPU
		{D77C7D7C-BD38-4449-999B-53EDFD82388A}.Debug|Any CPU.Build.0 = Debug|Any CPU
		{D77C7D7C-BD38-4449-999B-53EDFD82388A}.Release|Any CPU.ActiveCfg = Release|Any CPU
		{D77C7D7C-BD38-4449-999B-53EDFD82388A}.Release|Any CPU.Build.0 = Release|Any CPU
		{DB52DFB3-95AE-4D0C-ACC9-F13C2A503E5F}.Debug|Any CPU.ActiveCfg = Debug|Any CPU
		{DB52DFB3-95AE-4D0C-ACC9-F13C2A503E5F}.Debug|Any CPU.Build.0 = Debug|Any CPU
		{DB52DFB3-95AE-4D0C-ACC9-F13C2A503E5F}.Release|Any CPU.ActiveCfg = Release|Any CPU
		{DB52DFB3-95AE-4D0C-ACC9-F13C2A503E5F}.Release|Any CPU.Build.0 = Release|Any CPU
	EndGlobalSection
	GlobalSection(SolutionProperties) = preSolution
		HideSolutionNode = FALSE
	EndGlobalSection
	GlobalSection(ExtensibilityGlobals) = postSolution
		SolutionGuid = {6DF9D9C2-35AE-48BD-AD28-34ADFAB6B517}
	EndGlobalSection
EndGlobal
